
Microsoft Visual Studio Solution File, Format Version 12.00
# Visual Studio Version 16
VisualStudioVersion = 16.0.30204.135
MinimumVisualStudioVersion = 10.0.40219.1
Project("{9A19103F-16F7-4668-BE54-9A1E7A4F7556}") = "KampIntro", "KampIntro\KampIntro.csproj", "{E01CE821-2D5C-4540-918E-EA8C10FC901B}"
EndProject
Project("{9A19103F-16F7-4668-BE54-9A1E7A4F7556}") = "Donguler", "Donguler\Donguler.csproj", "{DB0DCC68-A794-4BE5-BED3-DB9D4BA54BC6}"
EndProject
Project("{9A19103F-16F7-4668-BE54-9A1E7A4F7556}") = "ClassIntro", "ClassIntro\ClassIntro.csproj", "{B32EEEF8-E54C-4FF3-A8B8-5119190BAF7D}"
EndProject
Project("{9A19103F-16F7-4668-BE54-9A1E7A4F7556}") = "Metotlar", "Metotlar\Metotlar.csproj", "{A681106A-FD3B-4D00-AD86-9A6393FDB62F}"
EndProject
Project("{9A19103F-16F7-4668-BE54-9A1E7A4F7556}") = "Matematik", "Matematik\Matematik.csproj", "{2A253DAB-EC88-4805-889D-49D3FFCA3418}"
EndProject
Project("{9A19103F-16F7-4668-BE54-9A1E7A4F7556}") = "OOP1", "OOP1\OOP1.csproj", "{88F33822-94C0-40C7-85D6-1AFCB88B5142}"
EndProject
Project("{9A19103F-16F7-4668-BE54-9A1E7A4F7556}") = "Collections", "Collections\Collections.csproj", "{01EB7AFA-BB7F-4D59-AAD4-9F31B708A651}"
EndProject
Project("{9A19103F-16F7-4668-BE54-9A1E7A4F7556}") = "GenericsIntro", "GenericsIntro\GenericsIntro.csproj", "{B425AD13-F2FA-4AD6-9B6A-8490C2537A38}"
EndProject
Project("{FAE04EC0-301F-11D3-BF4B-00C04F79EFBC}") = "OOP2", "OOP2\OOP2.csproj", "{AB1671BF-065F-4024-A71C-EEC87595068B}"
EndProject
Project("{FAE04EC0-301F-11D3-BF4B-00C04F79EFBC}") = "OOP3", "OOP3\OOP3.csproj", "{E59CDF81-069F-4698-85C0-3370FDB30A79}"
EndProject
Global
	GlobalSection(SolutionConfigurationPlatforms) = preSolution
		Debug|Any CPU = Debug|Any CPU
		Release|Any CPU = Release|Any CPU
	EndGlobalSection
	GlobalSection(ProjectConfigurationPlatforms) = postSolution
		{E01CE821-2D5C-4540-918E-EA8C10FC901B}.Debug|Any CPU.ActiveCfg = Debug|Any CPU
		{E01CE821-2D5C-4540-918E-EA8C10FC901B}.Debug|Any CPU.Build.0 = Debug|Any CPU
		{E01CE821-2D5C-4540-918E-EA8C10FC901B}.Release|Any CPU.ActiveCfg = Release|Any CPU
		{E01CE821-2D5C-4540-918E-EA8C10FC901B}.Release|Any CPU.Build.0 = Release|Any CPU
		{DB0DCC68-A794-4BE5-BED3-DB9D4BA54BC6}.Debug|Any CPU.ActiveCfg = Debug|Any CPU
		{DB0DCC68-A794-4BE5-BED3-DB9D4BA54BC6}.Debug|Any CPU.Build.0 = Debug|Any CPU
		{DB0DCC68-A794-4BE5-BED3-DB9D4BA54BC6}.Release|Any CPU.ActiveCfg = Release|Any CPU
		{DB0DCC68-A794-4BE5-BED3-DB9D4BA54BC6}.Release|Any CPU.Build.0 = Release|Any CPU
		{B32EEEF8-E54C-4FF3-A8B8-5119190BAF7D}.Debug|Any CPU.ActiveCfg = Debug|Any CPU
		{B32EEEF8-E54C-4FF3-A8B8-5119190BAF7D}.Debug|Any CPU.Build.0 = Debug|Any CPU
		{B32EEEF8-E54C-4FF3-A8B8-5119190BAF7D}.Release|Any CPU.ActiveCfg = Release|Any CPU
		{B32EEEF8-E54C-4FF3-A8B8-5119190BAF7D}.Release|Any CPU.Build.0 = Release|Any CPU
		{A681106A-FD3B-4D00-AD86-9A6393FDB62F}.Debug|Any CPU.ActiveCfg = Debug|Any CPU
		{A681106A-FD3B-4D00-AD86-9A6393FDB62F}.Debug|Any CPU.Build.0 = Debug|Any CPU
		{A681106A-FD3B-4D00-AD86-9A6393FDB62F}.Release|Any CPU.ActiveCfg = Release|Any CPU
		{A681106A-FD3B-4D00-AD86-9A6393FDB62F}.Release|Any CPU.Build.0 = Release|Any CPU
		{2A253DAB-EC88-4805-889D-49D3FFCA3418}.Debug|Any CPU.ActiveCfg = Debug|Any CPU
		{2A253DAB-EC88-4805-889D-49D3FFCA3418}.Debug|Any CPU.Build.0 = Debug|Any CPU
		{2A253DAB-EC88-4805-889D-49D3FFCA3418}.Release|Any CPU.ActiveCfg = Release|Any CPU
		{2A253DAB-EC88-4805-889D-49D3FFCA3418}.Release|Any CPU.Build.0 = Release|Any CPU
		{88F33822-94C0-40C7-85D6-1AFCB88B5142}.Debug|Any CPU.ActiveCfg = Debug|Any CPU
		{88F33822-94C0-40C7-85D6-1AFCB88B5142}.Debug|Any CPU.Build.0 = Debug|Any CPU
		{88F33822-94C0-40C7-85D6-1AFCB88B5142}.Release|Any CPU.ActiveCfg = Release|Any CPU
		{88F33822-94C0-40C7-85D6-1AFCB88B5142}.Release|Any CPU.Build.0 = Release|Any CPU
		{01EB7AFA-BB7F-4D59-AAD4-9F31B708A651}.Debug|Any CPU.ActiveCfg = Debug|Any CPU
		{01EB7AFA-BB7F-4D59-AAD4-9F31B708A651}.Debug|Any CPU.Build.0 = Debug|Any CPU
		{01EB7AFA-BB7F-4D59-AAD4-9F31B708A651}.Release|Any CPU.ActiveCfg = Release|Any CPU
		{01EB7AFA-BB7F-4D59-AAD4-9F31B708A651}.Release|Any CPU.Build.0 = Release|Any CPU
		{B425AD13-F2FA-4AD6-9B6A-8490C2537A38}.Debug|Any CPU.ActiveCfg = Debug|Any CPU
		{B425AD13-F2FA-4AD6-9B6A-8490C2537A38}.Debug|Any CPU.Build.0 = Debug|Any CPU
		{B425AD13-F2FA-4AD6-9B6A-8490C2537A38}.Release|Any CPU.ActiveCfg = Release|Any CPU
		{B425AD13-F2FA-4AD6-9B6A-8490C2537A38}.Release|Any CPU.Build.0 = Release|Any CPU
		{AB1671BF-065F-4024-A71C-EEC87595068B}.Debug|Any CPU.ActiveCfg = Debug|Any CPU
		{AB1671BF-065F-4024-A71C-EEC87595068B}.Debug|Any CPU.Build.0 = Debug|Any CPU
		{AB1671BF-065F-4024-A71C-EEC87595068B}.Release|Any CPU.ActiveCfg = Release|Any CPU
		{AB1671BF-065F-4024-A71C-EEC87595068B}.Release|Any CPU.Build.0 = Release|Any CPU
		{E59CDF81-069F-4698-85C0-3370FDB30A79}.Debug|Any CPU.ActiveCfg = Debug|Any CPU
		{E59CDF81-069F-4698-85C0-3370FDB30A79}.Debug|Any CPU.Build.0 = Debug|Any CPU
		{E59CDF81-069F-4698-85C0-3370FDB30A79}.Release|Any CPU.ActiveCfg = Release|Any CPU
		{E59CDF81-069F-4698-85C0-3370FDB30A79}.Release|Any CPU.Build.0 = Release|Any CPU
	EndGlobalSection
	GlobalSection(SolutionProperties) = preSolution
		HideSolutionNode = FALSE
	EndGlobalSection
	GlobalSection(ExtensibilityGlobals) = postSolution
		SolutionGuid = {8C10D04A-3ED5-432F-BDEB-DEE40B3B81B8}
	EndGlobalSection
EndGlobal
